
Microsoft Visual Studio Solution File, Format Version 12.00
# Visual Studio Version 17
VisualStudioVersion = 17.1.32328.378
MinimumVisualStudioVersion = 10.0.40219.1
Project("{9092AA53-FB77-4645-B42D-1CCCA6BD08BD}") = "LPPA_clase1", "LPPA_clase1\LPPA_clase1.njsproj", "{F96D0274-AFBA-4BD5-83B5-CACD20D4CFA8}"
EndProject
Global
	GlobalSection(SolutionConfigurationPlatforms) = preSolution
		Debug|Any CPU = Debug|Any CPU
		Release|Any CPU = Release|Any CPU
	EndGlobalSection
	GlobalSection(ProjectConfigurationPlatforms) = postSolution
		{F96D0274-AFBA-4BD5-83B5-CACD20D4CFA8}.Debug|Any CPU.ActiveCfg = Debug|Any CPU
		{F96D0274-AFBA-4BD5-83B5-CACD20D4CFA8}.Debug|Any CPU.Build.0 = Debug|Any CPU
		{F96D0274-AFBA-4BD5-83B5-CACD20D4CFA8}.Release|Any CPU.ActiveCfg = Release|Any CPU
		{F96D0274-AFBA-4BD5-83B5-CACD20D4CFA8}.Release|Any CPU.Build.0 = Release|Any CPU
	EndGlobalSection
	GlobalSection(SolutionProperties) = preSolution
		HideSolutionNode = FALSE
	EndGlobalSection
	GlobalSection(ExtensibilityGlobals) = postSolution
		SolutionGuid = {3F2F4600-2EDA-434D-9A94-B9A325021388}
	EndGlobalSection
EndGlobal
